
Microsoft Visual Studio Solution File, Format Version 12.00
# Visual Studio Version 16
VisualStudioVersion = 16.0.29209.62
MinimumVisualStudioVersion = 10.0.40219.1
Project("{FAE04EC0-301F-11D3-BF4B-00C04F79EFBC}") = "AyrikMatematik_14067035_CanerEmec", "AyrikMatematik_14067035_CanerEmec\AyrikMatematik_14067035_CanerEmec.csproj", "{A99B60E4-9451-4E3A-A6DA-A1FE12418B47}"
EndProject
Global
	GlobalSection(SolutionConfigurationPlatforms) = preSolution
		Debug|Any CPU = Debug|Any CPU
		Release|Any CPU = Release|Any CPU
	EndGlobalSection
	GlobalSection(ProjectConfigurationPlatforms) = postSolution
		{A99B60E4-9451-4E3A-A6DA-A1FE12418B47}.Debug|Any CPU.ActiveCfg = Debug|Any CPU
		{A99B60E4-9451-4E3A-A6DA-A1FE12418B47}.Debug|Any CPU.Build.0 = Debug|Any CPU
		{A99B60E4-9451-4E3A-A6DA-A1FE12418B47}.Release|Any CPU.ActiveCfg = Release|Any CPU
		{A99B60E4-9451-4E3A-A6DA-A1FE12418B47}.Release|Any CPU.Build.0 = Release|Any CPU
	EndGlobalSection
	GlobalSection(SolutionProperties) = preSolution
		HideSolutionNode = FALSE
	EndGlobalSection
	GlobalSection(ExtensibilityGlobals) = postSolution
		SolutionGuid = {9F6BCA89-3CEA-49EE-9D46-359E5B9E027B}
	EndGlobalSection
EndGlobal
